
Microsoft Visual Studio Solution File, Format Version 12.00
# Visual Studio Version 16
VisualStudioVersion = 16.0.31424.327
MinimumVisualStudioVersion = 10.0.40219.1
Project("{FAE04EC0-301F-11D3-BF4B-00C04F79EFBC}") = "MovieBox_WebApp", "MovieBox_WebApp.csproj", "{9F2C80BA-2A70-422B-BA15-9685626859F8}"
EndProject
Project("{FAE04EC0-301F-11D3-BF4B-00C04F79EFBC}") = "MovieBox_MVC", "..\MovieBox_MVC\MovieBox_MVC.csproj", "{E431959B-DAAA-412B-9059-7D33F5318094}"
EndProject
Global
	GlobalSection(SolutionConfigurationPlatforms) = preSolution
		Debug|Any CPU = Debug|Any CPU
		Release|Any CPU = Release|Any CPU
	EndGlobalSection
	GlobalSection(ProjectConfigurationPlatforms) = postSolution
		{9F2C80BA-2A70-422B-BA15-9685626859F8}.Debug|Any CPU.ActiveCfg = Debug|Any CPU
		{9F2C80BA-2A70-422B-BA15-9685626859F8}.Debug|Any CPU.Build.0 = Debug|Any CPU
		{9F2C80BA-2A70-422B-BA15-9685626859F8}.Release|Any CPU.ActiveCfg = Release|Any CPU
		{9F2C80BA-2A70-422B-BA15-9685626859F8}.Release|Any CPU.Build.0 = Release|Any CPU
		{E431959B-DAAA-412B-9059-7D33F5318094}.Debug|Any CPU.ActiveCfg = Debug|Any CPU
		{E431959B-DAAA-412B-9059-7D33F5318094}.Debug|Any CPU.Build.0 = Debug|Any CPU
		{E431959B-DAAA-412B-9059-7D33F5318094}.Release|Any CPU.ActiveCfg = Release|Any CPU
		{E431959B-DAAA-412B-9059-7D33F5318094}.Release|Any CPU.Build.0 = Release|Any CPU
	EndGlobalSection
	GlobalSection(SolutionProperties) = preSolution
		HideSolutionNode = FALSE
	EndGlobalSection
	GlobalSection(ExtensibilityGlobals) = postSolution
		SolutionGuid = {03FACDCE-F313-4665-8B45-FD7874C0AA0C}
	EndGlobalSection
EndGlobal
